
Microsoft Visual Studio Solution File, Format Version 12.00
# Visual Studio Version 16
VisualStudioVersion = 16.0.30114.105
MinimumVisualStudioVersion = 10.0.40219.1
Project("{2150E333-8FDC-42A3-9474-1A3956D46DE8}") = "Application", "Application", "{6165C77A-A794-419D-9FB5-8AD6F7FE7758}"
EndProject
Project("{FAE04EC0-301F-11D3-BF4B-00C04F79EFBC}") = "Application.API", "Application\Application.API\Application.API.csproj", "{73829647-5DB7-4EB6-B619-D18E698B5877}"
EndProject
Project("{2150E333-8FDC-42A3-9474-1A3956D46DE8}") = "Util", "Util", "{85BE3018-C211-4B71-A057-84F4326BF20C}"
EndProject
Project("{2150E333-8FDC-42A3-9474-1A3956D46DE8}") = "Service", "Service", "{BB2219BB-BCA3-49C8-BF20-DC99CD804DD0}"
EndProject
Project("{FAE04EC0-301F-11D3-BF4B-00C04F79EFBC}") = "Application.Util", "Util\Application.Util\Application.Util.csproj", "{93CBE1EF-E22B-4567-B064-4EC64D3FA4FF}"
EndProject
Project("{2150E333-8FDC-42A3-9474-1A3956D46DE8}") = "Data", "Data", "{F5288AAD-6BEA-46D3-A38F-53A8256791A1}"
EndProject
Project("{FAE04EC0-301F-11D3-BF4B-00C04F79EFBC}") = "Application.Data", "Data\Application.Data\Application.Data.csproj", "{A939275A-5707-430A-8C36-FCBEC608F3A5}"
EndProject
Project("{FAE04EC0-301F-11D3-BF4B-00C04F79EFBC}") = "Application.Data.Repository", "Data\Application.Data.Repository\Application.Data.Repository.csproj", "{E3DD4535-9D78-4798-936E-5E2BCEDEFE23}"
EndProject
Project("{FAE04EC0-301F-11D3-BF4B-00C04F79EFBC}") = "Application.Data.EF", "Data\Application.Data.EF\Application.Data.EF.csproj", "{C1866CAB-DC03-4004-B580-B6DFEBE845F3}"
EndProject
Project("{2150E333-8FDC-42A3-9474-1A3956D46DE8}") = "Modules", "Modules", "{EEEEFEB6-D520-4FA3-BB83-F60F85692F87}"
EndProject
Project("{FAE04EC0-301F-11D3-BF4B-00C04F79EFBC}") = "Application.Entity", "Modules\Application.Entity\Application.Entity.csproj", "{056F3771-BB35-47F6-BFC1-FE1BF88FC2BE}"
EndProject
Project("{FAE04EC0-301F-11D3-BF4B-00C04F79EFBC}") = "Application.Model", "Modules\Application.Model\Application.Model.csproj", "{29261D83-FFC3-40F9-BDAC-8EFC425D1ED4}"
EndProject
Project("{FAE04EC0-301F-11D3-BF4B-00C04F79EFBC}") = "Application.Mapping", "Modules\Application.Mapping\Application.Mapping.csproj", "{66623B9B-F1EA-4FD3-89E6-F627CFAF7582}"
EndProject
Project("{FAE04EC0-301F-11D3-BF4B-00C04F79EFBC}") = "Application.Service", "Service\Application.Service\Application.Service.csproj", "{5F39FDD6-0C21-4581-9E52-A487CBF06197}"
EndProject
Project("{FAE04EC0-301F-11D3-BF4B-00C04F79EFBC}") = "Application.IService", "Service\Application.IService\Application.IService.csproj", "{84441FC7-8DE1-47C5-A2FE-7C2446CB53AF}"
EndProject
Project("{2150E333-8FDC-42A3-9474-1A3956D46DE8}") = "Busines", "Busines", "{C0F317AC-993C-4C80-9236-9495D34383E3}"
EndProject
Project("{FAE04EC0-301F-11D3-BF4B-00C04F79EFBC}") = "Application.Busines", "Busines\Application.Busines\Application.Busines.csproj", "{D89255D9-5EF5-4A74-B126-8162413FA6E3}"
EndProject
Project("{FAE04EC0-301F-11D3-BF4B-00C04F79EFBC}") = "Application.IBusines", "Busines\Application.IBusines\Application.IBusines.csproj", "{CFEA2FA3-F588-43F0-975D-C0F3C6BDBB26}"
EndProject
Project("{FAE04EC0-301F-11D3-BF4B-00C04F79EFBC}") = "Application.Code", "Util\Application.Code\Application.Code.csproj", "{E3766159-A0E9-4869-8E3F-1629A50644C5}"
EndProject
Project("{FAE04EC0-301F-11D3-BF4B-00C04F79EFBC}") = "Application.Cache", "Util\Application.Cache\Application.Cache.csproj", "{0FDD75FD-81F6-4FBA-BB44-830564F39391}"
EndProject
Project("{2150E333-8FDC-42A3-9474-1A3956D46DE8}") = "Test", "Test", "{864E9D3F-7299-49A3-865F-C4F03CF87456}"
EndProject
Project("{FAE04EC0-301F-11D3-BF4B-00C04F79EFBC}") = "Test.Web", "Test\Test.Web\Test.Web.csproj", "{2ED10534-CC56-493C-B737-422B0555191B}"
EndProject
Project("{E53339B2-1760-4266-BCC7-CA923CBCF16C}") = "docker-compose", "docker-compose.dcproj", "{D77FEC51-4482-41A2-BBA1-0A0BDED4DB0A}"
EndProject
Global
	GlobalSection(SolutionConfigurationPlatforms) = preSolution
		Debug|Any CPU = Debug|Any CPU
		Release|Any CPU = Release|Any CPU
	EndGlobalSection
	GlobalSection(SolutionProperties) = preSolution
		HideSolutionNode = FALSE
	EndGlobalSection
	GlobalSection(ProjectConfigurationPlatforms) = postSolution
		{73829647-5DB7-4EB6-B619-D18E698B5877}.Debug|Any CPU.ActiveCfg = Debug|Any CPU
		{73829647-5DB7-4EB6-B619-D18E698B5877}.Debug|Any CPU.Build.0 = Debug|Any CPU
		{73829647-5DB7-4EB6-B619-D18E698B5877}.Release|Any CPU.ActiveCfg = Release|Any CPU
		{73829647-5DB7-4EB6-B619-D18E698B5877}.Release|Any CPU.Build.0 = Release|Any CPU
		{93CBE1EF-E22B-4567-B064-4EC64D3FA4FF}.Debug|Any CPU.ActiveCfg = Debug|Any CPU
		{93CBE1EF-E22B-4567-B064-4EC64D3FA4FF}.Debug|Any CPU.Build.0 = Debug|Any CPU
		{93CBE1EF-E22B-4567-B064-4EC64D3FA4FF}.Release|Any CPU.ActiveCfg = Release|Any CPU
		{93CBE1EF-E22B-4567-B064-4EC64D3FA4FF}.Release|Any CPU.Build.0 = Release|Any CPU
		{A939275A-5707-430A-8C36-FCBEC608F3A5}.Debug|Any CPU.ActiveCfg = Debug|Any CPU
		{A939275A-5707-430A-8C36-FCBEC608F3A5}.Debug|Any CPU.Build.0 = Debug|Any CPU
		{A939275A-5707-430A-8C36-FCBEC608F3A5}.Release|Any CPU.ActiveCfg = Release|Any CPU
		{A939275A-5707-430A-8C36-FCBEC608F3A5}.Release|Any CPU.Build.0 = Release|Any CPU
		{E3DD4535-9D78-4798-936E-5E2BCEDEFE23}.Debug|Any CPU.ActiveCfg = Debug|Any CPU
		{E3DD4535-9D78-4798-936E-5E2BCEDEFE23}.Debug|Any CPU.Build.0 = Debug|Any CPU
		{E3DD4535-9D78-4798-936E-5E2BCEDEFE23}.Release|Any CPU.ActiveCfg = Release|Any CPU
		{E3DD4535-9D78-4798-936E-5E2BCEDEFE23}.Release|Any CPU.Build.0 = Release|Any CPU
		{C1866CAB-DC03-4004-B580-B6DFEBE845F3}.Debug|Any CPU.ActiveCfg = Debug|Any CPU
		{C1866CAB-DC03-4004-B580-B6DFEBE845F3}.Debug|Any CPU.Build.0 = Debug|Any CPU
		{C1866CAB-DC03-4004-B580-B6DFEBE845F3}.Release|Any CPU.ActiveCfg = Release|Any CPU
		{C1866CAB-DC03-4004-B580-B6DFEBE845F3}.Release|Any CPU.Build.0 = Release|Any CPU
		{056F3771-BB35-47F6-BFC1-FE1BF88FC2BE}.Debug|Any CPU.ActiveCfg = Debug|Any CPU
		{056F3771-BB35-47F6-BFC1-FE1BF88FC2BE}.Debug|Any CPU.Build.0 = Debug|Any CPU
		{056F3771-BB35-47F6-BFC1-FE1BF88FC2BE}.Release|Any CPU.ActiveCfg = Release|Any CPU
		{056F3771-BB35-47F6-BFC1-FE1BF88FC2BE}.Release|Any CPU.Build.0 = Release|Any CPU
		{29261D83-FFC3-40F9-BDAC-8EFC425D1ED4}.Debug|Any CPU.ActiveCfg = Debug|Any CPU
		{29261D83-FFC3-40F9-BDAC-8EFC425D1ED4}.Debug|Any CPU.Build.0 = Debug|Any CPU
		{29261D83-FFC3-40F9-BDAC-8EFC425D1ED4}.Release|Any CPU.ActiveCfg = Release|Any CPU
		{29261D83-FFC3-40F9-BDAC-8EFC425D1ED4}.Release|Any CPU.Build.0 = Release|Any CPU
		{66623B9B-F1EA-4FD3-89E6-F627CFAF7582}.Debug|Any CPU.ActiveCfg = Debug|Any CPU
		{66623B9B-F1EA-4FD3-89E6-F627CFAF7582}.Debug|Any CPU.Build.0 = Debug|Any CPU
		{66623B9B-F1EA-4FD3-89E6-F627CFAF7582}.Release|Any CPU.ActiveCfg = Release|Any CPU
		{66623B9B-F1EA-4FD3-89E6-F627CFAF7582}.Release|Any CPU.Build.0 = Release|Any CPU
		{5F39FDD6-0C21-4581-9E52-A487CBF06197}.Debug|Any CPU.ActiveCfg = Debug|Any CPU
		{5F39FDD6-0C21-4581-9E52-A487CBF06197}.Debug|Any CPU.Build.0 = Debug|Any CPU
		{5F39FDD6-0C21-4581-9E52-A487CBF06197}.Release|Any CPU.ActiveCfg = Release|Any CPU
		{5F39FDD6-0C21-4581-9E52-A487CBF06197}.Release|Any CPU.Build.0 = Release|Any CPU
		{84441FC7-8DE1-47C5-A2FE-7C2446CB53AF}.Debug|Any CPU.ActiveCfg = Debug|Any CPU
		{84441FC7-8DE1-47C5-A2FE-7C2446CB53AF}.Debug|Any CPU.Build.0 = Debug|Any CPU
		{84441FC7-8DE1-47C5-A2FE-7C2446CB53AF}.Release|Any CPU.ActiveCfg = Release|Any CPU
		{84441FC7-8DE1-47C5-A2FE-7C2446CB53AF}.Release|Any CPU.Build.0 = Release|Any CPU
		{D89255D9-5EF5-4A74-B126-8162413FA6E3}.Debug|Any CPU.ActiveCfg = Debug|Any CPU
		{D89255D9-5EF5-4A74-B126-8162413FA6E3}.Debug|Any CPU.Build.0 = Debug|Any CPU
		{D89255D9-5EF5-4A74-B126-8162413FA6E3}.Release|Any CPU.ActiveCfg = Release|Any CPU
		{D89255D9-5EF5-4A74-B126-8162413FA6E3}.Release|Any CPU.Build.0 = Release|Any CPU
		{CFEA2FA3-F588-43F0-975D-C0F3C6BDBB26}.Debug|Any CPU.ActiveCfg = Debug|Any CPU
		{CFEA2FA3-F588-43F0-975D-C0F3C6BDBB26}.Debug|Any CPU.Build.0 = Debug|Any CPU
		{CFEA2FA3-F588-43F0-975D-C0F3C6BDBB26}.Release|Any CPU.ActiveCfg = Release|Any CPU
		{CFEA2FA3-F588-43F0-975D-C0F3C6BDBB26}.Release|Any CPU.Build.0 = Release|Any CPU
		{E3766159-A0E9-4869-8E3F-1629A50644C5}.Debug|Any CPU.ActiveCfg = Debug|Any CPU
		{E3766159-A0E9-4869-8E3F-1629A50644C5}.Debug|Any CPU.Build.0 = Debug|Any CPU
		{E3766159-A0E9-4869-8E3F-1629A50644C5}.Release|Any CPU.ActiveCfg = Release|Any CPU
		{E3766159-A0E9-4869-8E3F-1629A50644C5}.Release|Any CPU.Build.0 = Release|Any CPU
		{0FDD75FD-81F6-4FBA-BB44-830564F39391}.Debug|Any CPU.ActiveCfg = Debug|Any CPU
		{0FDD75FD-81F6-4FBA-BB44-830564F39391}.Debug|Any CPU.Build.0 = Debug|Any CPU
		{0FDD75FD-81F6-4FBA-BB44-830564F39391}.Release|Any CPU.ActiveCfg = Release|Any CPU
		{0FDD75FD-81F6-4FBA-BB44-830564F39391}.Release|Any CPU.Build.0 = Release|Any CPU
		{2ED10534-CC56-493C-B737-422B0555191B}.Debug|Any CPU.ActiveCfg = Debug|Any CPU
		{2ED10534-CC56-493C-B737-422B0555191B}.Debug|Any CPU.Build.0 = Debug|Any CPU
		{2ED10534-CC56-493C-B737-422B0555191B}.Release|Any CPU.ActiveCfg = Release|Any CPU
		{2ED10534-CC56-493C-B737-422B0555191B}.Release|Any CPU.Build.0 = Release|Any CPU
		{D77FEC51-4482-41A2-BBA1-0A0BDED4DB0A}.Debug|Any CPU.ActiveCfg = Debug|Any CPU
		{D77FEC51-4482-41A2-BBA1-0A0BDED4DB0A}.Debug|Any CPU.Build.0 = Debug|Any CPU
		{D77FEC51-4482-41A2-BBA1-0A0BDED4DB0A}.Release|Any CPU.ActiveCfg = Release|Any CPU
		{D77FEC51-4482-41A2-BBA1-0A0BDED4DB0A}.Release|Any CPU.Build.0 = Release|Any CPU
	EndGlobalSection
	GlobalSection(NestedProjects) = preSolution
		{73829647-5DB7-4EB6-B619-D18E698B5877} = {6165C77A-A794-419D-9FB5-8AD6F7FE7758}
		{93CBE1EF-E22B-4567-B064-4EC64D3FA4FF} = {85BE3018-C211-4B71-A057-84F4326BF20C}
		{A939275A-5707-430A-8C36-FCBEC608F3A5} = {F5288AAD-6BEA-46D3-A38F-53A8256791A1}
		{E3DD4535-9D78-4798-936E-5E2BCEDEFE23} = {F5288AAD-6BEA-46D3-A38F-53A8256791A1}
		{C1866CAB-DC03-4004-B580-B6DFEBE845F3} = {F5288AAD-6BEA-46D3-A38F-53A8256791A1}
		{056F3771-BB35-47F6-BFC1-FE1BF88FC2BE} = {EEEEFEB6-D520-4FA3-BB83-F60F85692F87}
		{29261D83-FFC3-40F9-BDAC-8EFC425D1ED4} = {EEEEFEB6-D520-4FA3-BB83-F60F85692F87}
		{66623B9B-F1EA-4FD3-89E6-F627CFAF7582} = {EEEEFEB6-D520-4FA3-BB83-F60F85692F87}
		{5F39FDD6-0C21-4581-9E52-A487CBF06197} = {BB2219BB-BCA3-49C8-BF20-DC99CD804DD0}
		{84441FC7-8DE1-47C5-A2FE-7C2446CB53AF} = {BB2219BB-BCA3-49C8-BF20-DC99CD804DD0}
		{D89255D9-5EF5-4A74-B126-8162413FA6E3} = {C0F317AC-993C-4C80-9236-9495D34383E3}
		{CFEA2FA3-F588-43F0-975D-C0F3C6BDBB26} = {C0F317AC-993C-4C80-9236-9495D34383E3}
		{E3766159-A0E9-4869-8E3F-1629A50644C5} = {85BE3018-C211-4B71-A057-84F4326BF20C}
		{0FDD75FD-81F6-4FBA-BB44-830564F39391} = {85BE3018-C211-4B71-A057-84F4326BF20C}
		{2ED10534-CC56-493C-B737-422B0555191B} = {864E9D3F-7299-49A3-865F-C4F03CF87456}
	EndGlobalSection
EndGlobal
